// !$*UTF8*$!
{
	archiveVersion = 1;
	classes = {
	};
	objectVersion = 54;
	objects = {

/* Begin PBXBuildFile section */
		15120CE86249287F602BFD2E /* Pods_BTC_USD.framework in Frameworks */ = {isa = PBXBuildFile; fileRef = A23C4874E1F2B1F268C3E666 /* Pods_BTC_USD.framework */; };
		330565C22DAEE3C1160D9BA4 /* Pods_BTC_USDTests.framework in Frameworks */ = {isa = PBXBuildFile; fileRef = A7503D5F7625652DC3539990 /* Pods_BTC_USDTests.framework */; };
		4E9F0FCE27397501007E1E23 /* AppDelegate.swift in Sources */ = {isa = PBXBuildFile; fileRef = 4E9F0FCD27397501007E1E23 /* AppDelegate.swift */; };
		4E9F0FD027397501007E1E23 /* SceneDelegate.swift in Sources */ = {isa = PBXBuildFile; fileRef = 4E9F0FCF27397501007E1E23 /* SceneDelegate.swift */; };
		4E9F0FD527397501007E1E23 /* Main.storyboard in Resources */ = {isa = PBXBuildFile; fileRef = 4E9F0FD327397501007E1E23 /* Main.storyboard */; };
		4E9F0FD727397504007E1E23 /* Assets.xcassets in Resources */ = {isa = PBXBuildFile; fileRef = 4E9F0FD627397504007E1E23 /* Assets.xcassets */; };
		4E9F0FDA27397504007E1E23 /* LaunchScreen.storyboard in Resources */ = {isa = PBXBuildFile; fileRef = 4E9F0FD827397504007E1E23 /* LaunchScreen.storyboard */; };
		4E9F0FE527397504007E1E23 /* BTC_USDTests.swift in Sources */ = {isa = PBXBuildFile; fileRef = 4E9F0FE427397504007E1E23 /* BTC_USDTests.swift */; };
		4E9F0FEF27397504007E1E23 /* BTC_USDUITests.swift in Sources */ = {isa = PBXBuildFile; fileRef = 4E9F0FEE27397504007E1E23 /* BTC_USDUITests.swift */; };
		4E9F0FF127397504007E1E23 /* BTC_USDUITestsLaunchTests.swift in Sources */ = {isa = PBXBuildFile; fileRef = 4E9F0FF027397504007E1E23 /* BTC_USDUITestsLaunchTests.swift */; };
		4E9F1005273976CB007E1E23 /* Ticker.swift in Sources */ = {isa = PBXBuildFile; fileRef = 4E9F1002273976CA007E1E23 /* Ticker.swift */; };
		4E9F1007273976CB007E1E23 /* OrderBook.swift in Sources */ = {isa = PBXBuildFile; fileRef = 4E9F1004273976CB007E1E23 /* OrderBook.swift */; };
		4E9F101B27397787007E1E23 /* WebSocketHandler.swift in Sources */ = {isa = PBXBuildFile; fileRef = 4E9F101527397785007E1E23 /* WebSocketHandler.swift */; };
		4E9F101C27397787007E1E23 /* WebSocketRequests.swift in Sources */ = {isa = PBXBuildFile; fileRef = 4E9F101627397786007E1E23 /* WebSocketRequests.swift */; };
		4E9F101D27397787007E1E23 /* BtcUsdWebService.swift in Sources */ = {isa = PBXBuildFile; fileRef = 4E9F101727397786007E1E23 /* BtcUsdWebService.swift */; };
		4E9F101E27397787007E1E23 /* WebSocketResponseDecoder.swift in Sources */ = {isa = PBXBuildFile; fileRef = 4E9F101827397786007E1E23 /* WebSocketResponseDecoder.swift */; };
		4E9F1028273977E4007E1E23 /* ReachabilityService.swift in Sources */ = {isa = PBXBuildFile; fileRef = 4E9F1026273977E4007E1E23 /* ReachabilityService.swift */; };
		4E9F102B27397811007E1E23 /* Reachability.swift in Sources */ = {isa = PBXBuildFile; fileRef = 4E9F102A27397811007E1E23 /* Reachability.swift */; };
		4E9F103827397827007E1E23 /* ValuesFormatter.swift in Sources */ = {isa = PBXBuildFile; fileRef = 4E9F103027397826007E1E23 /* ValuesFormatter.swift */; };
		4E9F103E27397855007E1E23 /* BtcUsdOrderBookVM.swift in Sources */ = {isa = PBXBuildFile; fileRef = 4E9F103C27397854007E1E23 /* BtcUsdOrderBookVM.swift */; };
		4E9F103F27397855007E1E23 /* BtcUsdTickerVM.swift in Sources */ = {isa = PBXBuildFile; fileRef = 4E9F103D27397855007E1E23 /* BtcUsdTickerVM.swift */; };
		4E9F1042273978C3007E1E23 /* OrderBookHeaderView.xib in Resources */ = {isa = PBXBuildFile; fileRef = 4E9F1040273978C2007E1E23 /* OrderBookHeaderView.xib */; };
		4E9F1043273978C3007E1E23 /* OrderBookTableViewCell.xib in Resources */ = {isa = PBXBuildFile; fileRef = 4E9F1041273978C2007E1E23 /* OrderBookTableViewCell.xib */; };
		4E9F1045273978D5007E1E23 /* OrderBookTableViewCell.swift in Sources */ = {isa = PBXBuildFile; fileRef = 4E9F1044273978D5007E1E23 /* OrderBookTableViewCell.swift */; };
		4E9F104727397909007E1E23 /* BtcUsdVC.swift in Sources */ = {isa = PBXBuildFile; fileRef = 4E9F104627397909007E1E23 /* BtcUsdVC.swift */; };
		4E9F104A273A37FD007E1E23 /* Constants.swift in Sources */ = {isa = PBXBuildFile; fileRef = 4E9F1049273A37FD007E1E23 /* Constants.swift */; };
		4E9F104F273ACEBB007E1E23 /* TickerResponse.swift in Sources */ = {isa = PBXBuildFile; fileRef = 4E9F104E273ACEBB007E1E23 /* TickerResponse.swift */; };
		4E9F1051273ACF76007E1E23 /* OrderBookResponse.swift in Sources */ = {isa = PBXBuildFile; fileRef = 4E9F1050273ACF76007E1E23 /* OrderBookResponse.swift */; };
		4E9F1053273ACFA0007E1E23 /* OrderBookSnapshot.swift in Sources */ = {isa = PBXBuildFile; fileRef = 4E9F1052273ACFA0007E1E23 /* OrderBookSnapshot.swift */; };
		4E9F1055273AE30F007E1E23 /* TickerRequest.swift in Sources */ = {isa = PBXBuildFile; fileRef = 4E9F1054273AE30F007E1E23 /* TickerRequest.swift */; };
		4E9F1057273AE602007E1E23 /* OrderRequest.swift in Sources */ = {isa = PBXBuildFile; fileRef = 4E9F1056273AE602007E1E23 /* OrderRequest.swift */; };
		BE11AC3B75F29B4DF216A538 /* Pods_BTC_USD_BTC_USDUITests.framework in Frameworks */ = {isa = PBXBuildFile; fileRef = 153129BEC31E7F343C7AD57A /* Pods_BTC_USD_BTC_USDUITests.framework */; };
/* End PBXBuildFile section */

/* Begin PBXContainerItemProxy section */
		4E9F0FE127397504007E1E23 /* PBXContainerItemProxy */ = {
			isa = PBXContainerItemProxy;
			containerPortal = 4E9F0FC227397501007E1E23 /* Project object */;
			proxyType = 1;
			remoteGlobalIDString = 4E9F0FC927397501007E1E23;
			remoteInfo = "BTC-USD";
		};
		4E9F0FEB27397504007E1E23 /* PBXContainerItemProxy */ = {
			isa = PBXContainerItemProxy;
			containerPortal = 4E9F0FC227397501007E1E23 /* Project object */;
			proxyType = 1;
			remoteGlobalIDString = 4E9F0FC927397501007E1E23;
			remoteInfo = "BTC-USD";
		};
/* End PBXContainerItemProxy section */

/* Begin PBXFileReference section */
		05E93EF5FA17617E6E1C34D2 /* Pods-BTC-USDTests.debug.xcconfig */ = {isa = PBXFileReference; includeInIndex = 1; lastKnownFileType = text.xcconfig; name = "Pods-BTC-USDTests.debug.xcconfig"; path = "Target Support Files/Pods-BTC-USDTests/Pods-BTC-USDTests.debug.xcconfig"; sourceTree = "<group>"; };
		09AB417C4EEEA6FE352912DC /* Pods-BTC-USD.debug.xcconfig */ = {isa = PBXFileReference; includeInIndex = 1; lastKnownFileType = text.xcconfig; name = "Pods-BTC-USD.debug.xcconfig"; path = "Target Support Files/Pods-BTC-USD/Pods-BTC-USD.debug.xcconfig"; sourceTree = "<group>"; };
		0EAA2FF274ED0F01672DD6F6 /* Pods-BTC-USD-BTC-USDUITests.release.xcconfig */ = {isa = PBXFileReference; includeInIndex = 1; lastKnownFileType = text.xcconfig; name = "Pods-BTC-USD-BTC-USDUITests.release.xcconfig"; path = "Target Support Files/Pods-BTC-USD-BTC-USDUITests/Pods-BTC-USD-BTC-USDUITests.release.xcconfig"; sourceTree = "<group>"; };
		153129BEC31E7F343C7AD57A /* Pods_BTC_USD_BTC_USDUITests.framework */ = {isa = PBXFileReference; explicitFileType = wrapper.framework; includeInIndex = 0; path = Pods_BTC_USD_BTC_USDUITests.framework; sourceTree = BUILT_PRODUCTS_DIR; };
		37D9DD6BD04AD8A3605808BA /* Pods-BTC-USD.release.xcconfig */ = {isa = PBXFileReference; includeInIndex = 1; lastKnownFileType = text.xcconfig; name = "Pods-BTC-USD.release.xcconfig"; path = "Target Support Files/Pods-BTC-USD/Pods-BTC-USD.release.xcconfig"; sourceTree = "<group>"; };
		4580B7A94902E818079344F3 /* Pods-BTC-USDTests.release.xcconfig */ = {isa = PBXFileReference; includeInIndex = 1; lastKnownFileType = text.xcconfig; name = "Pods-BTC-USDTests.release.xcconfig"; path = "Target Support Files/Pods-BTC-USDTests/Pods-BTC-USDTests.release.xcconfig"; sourceTree = "<group>"; };
		4E9F0FCA27397501007E1E23 /* BTC-USD.app */ = {isa = PBXFileReference; explicitFileType = wrapper.application; includeInIndex = 0; path = "BTC-USD.app"; sourceTree = BUILT_PRODUCTS_DIR; };
		4E9F0FCD27397501007E1E23 /* AppDelegate.swift */ = {isa = PBXFileReference; lastKnownFileType = sourcecode.swift; path = AppDelegate.swift; sourceTree = "<group>"; };
		4E9F0FCF27397501007E1E23 /* SceneDelegate.swift */ = {isa = PBXFileReference; lastKnownFileType = sourcecode.swift; path = SceneDelegate.swift; sourceTree = "<group>"; };
		4E9F0FD427397501007E1E23 /* Base */ = {isa = PBXFileReference; lastKnownFileType = file.storyboard; name = Base; path = Base.lproj/Main.storyboard; sourceTree = "<group>"; };
		4E9F0FD627397504007E1E23 /* Assets.xcassets */ = {isa = PBXFileReference; lastKnownFileType = folder.assetcatalog; path = Assets.xcassets; sourceTree = "<group>"; };
		4E9F0FD927397504007E1E23 /* Base */ = {isa = PBXFileReference; lastKnownFileType = file.storyboard; name = Base; path = Base.lproj/LaunchScreen.storyboard; sourceTree = "<group>"; };
		4E9F0FDB27397504007E1E23 /* Info.plist */ = {isa = PBXFileReference; lastKnownFileType = text.plist.xml; path = Info.plist; sourceTree = "<group>"; };
		4E9F0FE027397504007E1E23 /* BTC-USDTests.xctest */ = {isa = PBXFileReference; explicitFileType = wrapper.cfbundle; includeInIndex = 0; path = "BTC-USDTests.xctest"; sourceTree = BUILT_PRODUCTS_DIR; };
		4E9F0FE427397504007E1E23 /* BTC_USDTests.swift */ = {isa = PBXFileReference; lastKnownFileType = sourcecode.swift; path = BTC_USDTests.swift; sourceTree = "<group>"; };
		4E9F0FEA27397504007E1E23 /* BTC-USDUITests.xctest */ = {isa = PBXFileReference; explicitFileType = wrapper.cfbundle; includeInIndex = 0; path = "BTC-USDUITests.xctest"; sourceTree = BUILT_PRODUCTS_DIR; };
		4E9F0FEE27397504007E1E23 /* BTC_USDUITests.swift */ = {isa = PBXFileReference; lastKnownFileType = sourcecode.swift; path = BTC_USDUITests.swift; sourceTree = "<group>"; };
		4E9F0FF027397504007E1E23 /* BTC_USDUITestsLaunchTests.swift */ = {isa = PBXFileReference; lastKnownFileType = sourcecode.swift; path = BTC_USDUITestsLaunchTests.swift; sourceTree = "<group>"; };
		4E9F1002273976CA007E1E23 /* Ticker.swift */ = {isa = PBXFileReference; fileEncoding = 4; lastKnownFileType = sourcecode.swift; path = Ticker.swift; sourceTree = "<group>"; };
		4E9F1004273976CB007E1E23 /* OrderBook.swift */ = {isa = PBXFileReference; fileEncoding = 4; lastKnownFileType = sourcecode.swift; path = OrderBook.swift; sourceTree = "<group>"; };
		4E9F101527397785007E1E23 /* WebSocketHandler.swift */ = {isa = PBXFileReference; fileEncoding = 4; lastKnownFileType = sourcecode.swift; path = WebSocketHandler.swift; sourceTree = "<group>"; };
		4E9F101627397786007E1E23 /* WebSocketRequests.swift */ = {isa = PBXFileReference; fileEncoding = 4; lastKnownFileType = sourcecode.swift; path = WebSocketRequests.swift; sourceTree = "<group>"; };
		4E9F101727397786007E1E23 /* BtcUsdWebService.swift */ = {isa = PBXFileReference; fileEncoding = 4; lastKnownFileType = sourcecode.swift; path = BtcUsdWebService.swift; sourceTree = "<group>"; };
		4E9F101827397786007E1E23 /* WebSocketResponseDecoder.swift */ = {isa = PBXFileReference; fileEncoding = 4; lastKnownFileType = sourcecode.swift; path = WebSocketResponseDecoder.swift; sourceTree = "<group>"; };
		4E9F1026273977E4007E1E23 /* ReachabilityService.swift */ = {isa = PBXFileReference; fileEncoding = 4; lastKnownFileType = sourcecode.swift; path = ReachabilityService.swift; sourceTree = "<group>"; };
		4E9F102A27397811007E1E23 /* Reachability.swift */ = {isa = PBXFileReference; fileEncoding = 4; lastKnownFileType = sourcecode.swift; path = Reachability.swift; sourceTree = "<group>"; };
		4E9F103027397826007E1E23 /* ValuesFormatter.swift */ = {isa = PBXFileReference; fileEncoding = 4; lastKnownFileType = sourcecode.swift; path = ValuesFormatter.swift; sourceTree = "<group>"; };
		4E9F103C27397854007E1E23 /* BtcUsdOrderBookVM.swift */ = {isa = PBXFileReference; fileEncoding = 4; lastKnownFileType = sourcecode.swift; path = BtcUsdOrderBookVM.swift; sourceTree = "<group>"; };
		4E9F103D27397855007E1E23 /* BtcUsdTickerVM.swift */ = {isa = PBXFileReference; fileEncoding = 4; lastKnownFileType = sourcecode.swift; path = BtcUsdTickerVM.swift; sourceTree = "<group>"; };
		4E9F1040273978C2007E1E23 /* OrderBookHeaderView.xib */ = {isa = PBXFileReference; fileEncoding = 4; lastKnownFileType = file.xib; path = OrderBookHeaderView.xib; sourceTree = "<group>"; };
		4E9F1041273978C2007E1E23 /* OrderBookTableViewCell.xib */ = {isa = PBXFileReference; fileEncoding = 4; lastKnownFileType = file.xib; path = OrderBookTableViewCell.xib; sourceTree = "<group>"; };
		4E9F1044273978D5007E1E23 /* OrderBookTableViewCell.swift */ = {isa = PBXFileReference; fileEncoding = 4; lastKnownFileType = sourcecode.swift; path = OrderBookTableViewCell.swift; sourceTree = "<group>"; };
		4E9F104627397909007E1E23 /* BtcUsdVC.swift */ = {isa = PBXFileReference; fileEncoding = 4; lastKnownFileType = sourcecode.swift; path = BtcUsdVC.swift; sourceTree = "<group>"; };
		4E9F1049273A37FD007E1E23 /* Constants.swift */ = {isa = PBXFileReference; lastKnownFileType = sourcecode.swift; path = Constants.swift; sourceTree = "<group>"; };
		4E9F104E273ACEBB007E1E23 /* TickerResponse.swift */ = {isa = PBXFileReference; lastKnownFileType = sourcecode.swift; path = TickerResponse.swift; sourceTree = "<group>"; };
		4E9F1050273ACF76007E1E23 /* OrderBookResponse.swift */ = {isa = PBXFileReference; lastKnownFileType = sourcecode.swift; path = OrderBookResponse.swift; sourceTree = "<group>"; };
		4E9F1052273ACFA0007E1E23 /* OrderBookSnapshot.swift */ = {isa = PBXFileReference; lastKnownFileType = sourcecode.swift; path = OrderBookSnapshot.swift; sourceTree = "<group>"; };
		4E9F1054273AE30F007E1E23 /* TickerRequest.swift */ = {isa = PBXFileReference; lastKnownFileType = sourcecode.swift; path = TickerRequest.swift; sourceTree = "<group>"; };
		4E9F1056273AE602007E1E23 /* OrderRequest.swift */ = {isa = PBXFileReference; lastKnownFileType = sourcecode.swift; path = OrderRequest.swift; sourceTree = "<group>"; };
		621420F511DF3210DED003CA /* Pods-BTC-USD-BTC-USDUITests.debug.xcconfig */ = {isa = PBXFileReference; includeInIndex = 1; lastKnownFileType = text.xcconfig; name = "Pods-BTC-USD-BTC-USDUITests.debug.xcconfig"; path = "Target Support Files/Pods-BTC-USD-BTC-USDUITests/Pods-BTC-USD-BTC-USDUITests.debug.xcconfig"; sourceTree = "<group>"; };
		A23C4874E1F2B1F268C3E666 /* Pods_BTC_USD.framework */ = {isa = PBXFileReference; explicitFileType = wrapper.framework; includeInIndex = 0; path = Pods_BTC_USD.framework; sourceTree = BUILT_PRODUCTS_DIR; };
		A7503D5F7625652DC3539990 /* Pods_BTC_USDTests.framework */ = {isa = PBXFileReference; explicitFileType = wrapper.framework; includeInIndex = 0; path = Pods_BTC_USDTests.framework; sourceTree = BUILT_PRODUCTS_DIR; };
/* End PBXFileReference section */

/* Begin PBXFrameworksBuildPhase section */
		4E9F0FC727397501007E1E23 /* Frameworks */ = {
			isa = PBXFrameworksBuildPhase;
			buildActionMask = 2147483647;
			files = (
				15120CE86249287F602BFD2E /* Pods_BTC_USD.framework in Frameworks */,
			);
			runOnlyForDeploymentPostprocessing = 0;
		};
		4E9F0FDD27397504007E1E23 /* Frameworks */ = {
			isa = PBXFrameworksBuildPhase;
			buildActionMask = 2147483647;
			files = (
				330565C22DAEE3C1160D9BA4 /* Pods_BTC_USDTests.framework in Frameworks */,
			);
			runOnlyForDeploymentPostprocessing = 0;
		};
		4E9F0FE727397504007E1E23 /* Frameworks */ = {
			isa = PBXFrameworksBuildPhase;
			buildActionMask = 2147483647;
			files = (
				BE11AC3B75F29B4DF216A538 /* Pods_BTC_USD_BTC_USDUITests.framework in Frameworks */,
			);
			runOnlyForDeploymentPostprocessing = 0;
		};
/* End PBXFrameworksBuildPhase section */

/* Begin PBXGroup section */
		4E9F0FC127397501007E1E23 = {
			isa = PBXGroup;
			children = (
				4E9F0FCC27397501007E1E23 /* BTC-USD */,
				4E9F0FE327397504007E1E23 /* BTC-USDTests */,
				4E9F0FED27397504007E1E23 /* BTC-USDUITests */,
				4E9F0FCB27397501007E1E23 /* Products */,
				60E54FF61A334C18F53CD1D9 /* Pods */,
				C9F680ADA49DFBA05B9D86CC /* Frameworks */,
			);
			sourceTree = "<group>";
		};
		4E9F0FCB27397501007E1E23 /* Products */ = {
			isa = PBXGroup;
			children = (
				4E9F0FCA27397501007E1E23 /* BTC-USD.app */,
				4E9F0FE027397504007E1E23 /* BTC-USDTests.xctest */,
				4E9F0FEA27397504007E1E23 /* BTC-USDUITests.xctest */,
			);
			name = Products;
			sourceTree = "<group>";
		};
		4E9F0FCC27397501007E1E23 /* BTC-USD */ = {
			isa = PBXGroup;
			children = (
				4E9F104827397A08007E1E23 /* user interface */,
				4E9F100127397686007E1E23 /* utils */,
				4E9F10002739767F007E1E23 /* model */,
				4E9F0FFF27397671007E1E23 /* views */,
				4E9F0FFE27397667007E1E23 /* viewModels */,
				4E9F0FFD2739765C007E1E23 /* services */,
				4E9F0FCD27397501007E1E23 /* AppDelegate.swift */,
				4E9F0FCF27397501007E1E23 /* SceneDelegate.swift */,
				4E9F0FD627397504007E1E23 /* Assets.xcassets */,
				4E9F0FDB27397504007E1E23 /* Info.plist */,
			);
			path = "BTC-USD";
			sourceTree = "<group>";
		};
		4E9F0FE327397504007E1E23 /* BTC-USDTests */ = {
			isa = PBXGroup;
			children = (
				4E9F0FE427397504007E1E23 /* BTC_USDTests.swift */,
			);
			path = "BTC-USDTests";
			sourceTree = "<group>";
		};
		4E9F0FED27397504007E1E23 /* BTC-USDUITests */ = {
			isa = PBXGroup;
			children = (
				4E9F0FEE27397504007E1E23 /* BTC_USDUITests.swift */,
				4E9F0FF027397504007E1E23 /* BTC_USDUITestsLaunchTests.swift */,
			);
			path = "BTC-USDUITests";
			sourceTree = "<group>";
		};
		4E9F0FFD2739765C007E1E23 /* services */ = {
			isa = PBXGroup;
			children = (
				4E9F1025273977B8007E1E23 /* Reachability */,
				4E9F10142739776F007E1E23 /* WebSockets */,
			);
			path = services;
			sourceTree = "<group>";
		};
		4E9F0FFE27397667007E1E23 /* viewModels */ = {
			isa = PBXGroup;
			children = (
				4E9F103C27397854007E1E23 /* BtcUsdOrderBookVM.swift */,
				4E9F103D27397855007E1E23 /* BtcUsdTickerVM.swift */,
			);
			path = viewModels;
			sourceTree = "<group>";
		};
		4E9F0FFF27397671007E1E23 /* views */ = {
			isa = PBXGroup;
			children = (
				4E9F1058273BDD89007E1E23 /* cells */,
				4E9F104627397909007E1E23 /* BtcUsdVC.swift */,
			);
			path = views;
			sourceTree = "<group>";
		};
		4E9F10002739767F007E1E23 /* model */ = {
			isa = PBXGroup;
			children = (
				4E9F1004273976CB007E1E23 /* OrderBook.swift */,
				4E9F1002273976CA007E1E23 /* Ticker.swift */,
				4E9F104E273ACEBB007E1E23 /* TickerResponse.swift */,
				4E9F1050273ACF76007E1E23 /* OrderBookResponse.swift */,
				4E9F1052273ACFA0007E1E23 /* OrderBookSnapshot.swift */,
				4E9F1054273AE30F007E1E23 /* TickerRequest.swift */,
				4E9F1056273AE602007E1E23 /* OrderRequest.swift */,
			);
			path = model;
			sourceTree = "<group>";
		};
		4E9F100127397686007E1E23 /* utils */ = {
			isa = PBXGroup;
			children = (
				4E9F102A27397811007E1E23 /* Reachability.swift */,
				4E9F103027397826007E1E23 /* ValuesFormatter.swift */,
				4E9F1049273A37FD007E1E23 /* Constants.swift */,
			);
			path = utils;
			sourceTree = "<group>";
		};
		4E9F10142739776F007E1E23 /* WebSockets */ = {
			isa = PBXGroup;
			children = (
				4E9F101727397786007E1E23 /* BtcUsdWebService.swift */,
				4E9F101527397785007E1E23 /* WebSocketHandler.swift */,
				4E9F101627397786007E1E23 /* WebSocketRequests.swift */,
				4E9F101827397786007E1E23 /* WebSocketResponseDecoder.swift */,
			);
			path = WebSockets;
			sourceTree = "<group>";
		};
		4E9F1025273977B8007E1E23 /* Reachability */ = {
			isa = PBXGroup;
			children = (
				4E9F1026273977E4007E1E23 /* ReachabilityService.swift */,
			);
			path = Reachability;
			sourceTree = "<group>";
		};
		4E9F104827397A08007E1E23 /* user interface */ = {
			isa = PBXGroup;
			children = (
				4E9F0FD327397501007E1E23 /* Main.storyboard */,
				4E9F0FD827397504007E1E23 /* LaunchScreen.storyboard */,
				4E9F1041273978C2007E1E23 /* OrderBookTableViewCell.xib */,
				4E9F1040273978C2007E1E23 /* OrderBookHeaderView.xib */,
			);
			path = "user interface";
			sourceTree = "<group>";
		};
		4E9F1058273BDD89007E1E23 /* cells */ = {
			isa = PBXGroup;
			children = (
				4E9F1044273978D5007E1E23 /* OrderBookTableViewCell.swift */,
			);
			path = cells;
			sourceTree = "<group>";
		};
		60E54FF61A334C18F53CD1D9 /* Pods */ = {
			isa = PBXGroup;
			children = (
				09AB417C4EEEA6FE352912DC /* Pods-BTC-USD.debug.xcconfig */,
				37D9DD6BD04AD8A3605808BA /* Pods-BTC-USD.release.xcconfig */,
				621420F511DF3210DED003CA /* Pods-BTC-USD-BTC-USDUITests.debug.xcconfig */,
				0EAA2FF274ED0F01672DD6F6 /* Pods-BTC-USD-BTC-USDUITests.release.xcconfig */,
				05E93EF5FA17617E6E1C34D2 /* Pods-BTC-USDTests.debug.xcconfig */,
				4580B7A94902E818079344F3 /* Pods-BTC-USDTests.release.xcconfig */,
			);
			path = Pods;
			sourceTree = "<group>";
		};
		C9F680ADA49DFBA05B9D86CC /* Frameworks */ = {
			isa = PBXGroup;
			children = (
				A23C4874E1F2B1F268C3E666 /* Pods_BTC_USD.framework */,
				153129BEC31E7F343C7AD57A /* Pods_BTC_USD_BTC_USDUITests.framework */,
				A7503D5F7625652DC3539990 /* Pods_BTC_USDTests.framework */,
			);
			name = Frameworks;
			sourceTree = "<group>";
		};
/* End PBXGroup section */

/* Begin PBXNativeTarget section */
		4E9F0FC927397501007E1E23 /* BTC-USD */ = {
			isa = PBXNativeTarget;
			buildConfigurationList = 4E9F0FF427397504007E1E23 /* Build configuration list for PBXNativeTarget "BTC-USD" */;
			buildPhases = (
				458D4D98C92DAD04BBDD319F /* [CP] Check Pods Manifest.lock */,
				4E9F0FC627397501007E1E23 /* Sources */,
				4E9F0FC727397501007E1E23 /* Frameworks */,
				4E9F0FC827397501007E1E23 /* Resources */,
				5FFDB27EDA889F65BADA3C0C /* [CP] Embed Pods Frameworks */,
			);
			buildRules = (
			);
			dependencies = (
			);
			name = "BTC-USD";
			productName = "BTC-USD";
			productReference = 4E9F0FCA27397501007E1E23 /* BTC-USD.app */;
			productType = "com.apple.product-type.application";
		};
		4E9F0FDF27397504007E1E23 /* BTC-USDTests */ = {
			isa = PBXNativeTarget;
			buildConfigurationList = 4E9F0FF727397504007E1E23 /* Build configuration list for PBXNativeTarget "BTC-USDTests" */;
			buildPhases = (
				E953396252789088F7079F81 /* [CP] Check Pods Manifest.lock */,
				4E9F0FDC27397504007E1E23 /* Sources */,
				4E9F0FDD27397504007E1E23 /* Frameworks */,
				4E9F0FDE27397504007E1E23 /* Resources */,
				5097F1663E9D0E4BB82FB232 /* [CP] Embed Pods Frameworks */,
			);
			buildRules = (
			);
			dependencies = (
				4E9F0FE227397504007E1E23 /* PBXTargetDependency */,
			);
			name = "BTC-USDTests";
			productName = "BTC-USDTests";
			productReference = 4E9F0FE027397504007E1E23 /* BTC-USDTests.xctest */;
			productType = "com.apple.product-type.bundle.unit-test";
		};
		4E9F0FE927397504007E1E23 /* BTC-USDUITests */ = {
			isa = PBXNativeTarget;
			buildConfigurationList = 4E9F0FFA27397504007E1E23 /* Build configuration list for PBXNativeTarget "BTC-USDUITests" */;
			buildPhases = (
				E3D671941BA9B56849F703FB /* [CP] Check Pods Manifest.lock */,
				4E9F0FE627397504007E1E23 /* Sources */,
				4E9F0FE727397504007E1E23 /* Frameworks */,
				4E9F0FE827397504007E1E23 /* Resources */,
				764541864992780366854AC1 /* [CP] Embed Pods Frameworks */,
			);
			buildRules = (
			);
			dependencies = (
				4E9F0FEC27397504007E1E23 /* PBXTargetDependency */,
			);
			name = "BTC-USDUITests";
			productName = "BTC-USDUITests";
			productReference = 4E9F0FEA27397504007E1E23 /* BTC-USDUITests.xctest */;
			productType = "com.apple.product-type.bundle.ui-testing";
		};
/* End PBXNativeTarget section */

/* Begin PBXProject section */
		4E9F0FC227397501007E1E23 /* Project object */ = {
			isa = PBXProject;
			attributes = {
				BuildIndependentTargetsInParallel = 1;
				LastSwiftUpdateCheck = 1310;
				LastUpgradeCheck = 1310;
				TargetAttributes = {
					4E9F0FC927397501007E1E23 = {
						CreatedOnToolsVersion = 13.1;
					};
					4E9F0FDF27397504007E1E23 = {
						CreatedOnToolsVersion = 13.1;
						TestTargetID = 4E9F0FC927397501007E1E23;
					};
					4E9F0FE927397504007E1E23 = {
						CreatedOnToolsVersion = 13.1;
						TestTargetID = 4E9F0FC927397501007E1E23;
					};
				};
			};
			buildConfigurationList = 4E9F0FC527397501007E1E23 /* Build configuration list for PBXProject "BTC-USD" */;
			compatibilityVersion = "Xcode 12.0";
			developmentRegion = en;
			hasScannedForEncodings = 0;
			knownRegions = (
				en,
				Base,
			);
			mainGroup = 4E9F0FC127397501007E1E23;
			productRefGroup = 4E9F0FCB27397501007E1E23 /* Products */;
			projectDirPath = "";
			projectRoot = "";
			targets = (
				4E9F0FC927397501007E1E23 /* BTC-USD */,
				4E9F0FDF27397504007E1E23 /* BTC-USDTests */,
				4E9F0FE927397504007E1E23 /* BTC-USDUITests */,
			);
		};
/* End PBXProject section */

/* Begin PBXResourcesBuildPhase section */
		4E9F0FC827397501007E1E23 /* Resources */ = {
			isa = PBXResourcesBuildPhase;
			buildActionMask = 2147483647;
			files = (
				4E9F0FDA27397504007E1E23 /* LaunchScreen.storyboard in Resources */,
				4E9F1043273978C3007E1E23 /* OrderBookTableViewCell.xib in Resources */,
				4E9F1042273978C3007E1E23 /* OrderBookHeaderView.xib in Resources */,
				4E9F0FD727397504007E1E23 /* Assets.xcassets in Resources */,
				4E9F0FD527397501007E1E23 /* Main.storyboard in Resources */,
			);
			runOnlyForDeploymentPostprocessing = 0;
		};
		4E9F0FDE27397504007E1E23 /* Resources */ = {
			isa = PBXResourcesBuildPhase;
			buildActionMask = 2147483647;
			files = (
			);
			runOnlyForDeploymentPostprocessing = 0;
		};
		4E9F0FE827397504007E1E23 /* Resources */ = {
			isa = PBXResourcesBuildPhase;
			buildActionMask = 2147483647;
			files = (
			);
			runOnlyForDeploymentPostprocessing = 0;
		};
/* End PBXResourcesBuildPhase section */

/* Begin PBXShellScriptBuildPhase section */
		458D4D98C92DAD04BBDD319F /* [CP] Check Pods Manifest.lock */ = {
			isa = PBXShellScriptBuildPhase;
			buildActionMask = 2147483647;
			files = (
			);
			inputFileListPaths = (
			);
			inputPaths = (
				"${PODS_PODFILE_DIR_PATH}/Podfile.lock",
				"${PODS_ROOT}/Manifest.lock",
			);
			name = "[CP] Check Pods Manifest.lock";
			outputFileListPaths = (
			);
			outputPaths = (
				"$(DERIVED_FILE_DIR)/Pods-BTC-USD-checkManifestLockResult.txt",
			);
			runOnlyForDeploymentPostprocessing = 0;
			shellPath = /bin/sh;
			shellScript = "diff \"${PODS_PODFILE_DIR_PATH}/Podfile.lock\" \"${PODS_ROOT}/Manifest.lock\" > /dev/null\nif [ $? != 0 ] ; then\n    # print error to STDERR\n    echo \"error: The sandbox is not in sync with the Podfile.lock. Run 'pod install' or update your CocoaPods installation.\" >&2\n    exit 1\nfi\n# This output is used by Xcode 'outputs' to avoid re-running this script phase.\necho \"SUCCESS\" > \"${SCRIPT_OUTPUT_FILE_0}\"\n";
			showEnvVarsInLog = 0;
		};
		5097F1663E9D0E4BB82FB232 /* [CP] Embed Pods Frameworks */ = {
			isa = PBXShellScriptBuildPhase;
			buildActionMask = 2147483647;
			files = (
			);
			inputFileListPaths = (
				"${PODS_ROOT}/Target Support Files/Pods-BTC-USDTests/Pods-BTC-USDTests-frameworks-${CONFIGURATION}-input-files.xcfilelist",
			);
			name = "[CP] Embed Pods Frameworks";
			outputFileListPaths = (
				"${PODS_ROOT}/Target Support Files/Pods-BTC-USDTests/Pods-BTC-USDTests-frameworks-${CONFIGURATION}-output-files.xcfilelist",
			);
			runOnlyForDeploymentPostprocessing = 0;
			shellPath = /bin/sh;
			shellScript = "\"${PODS_ROOT}/Target Support Files/Pods-BTC-USDTests/Pods-BTC-USDTests-frameworks.sh\"\n";
			showEnvVarsInLog = 0;
		};
		5FFDB27EDA889F65BADA3C0C /* [CP] Embed Pods Frameworks */ = {
			isa = PBXShellScriptBuildPhase;
			buildActionMask = 2147483647;
			files = (
			);
			inputFileListPaths = (
				"${PODS_ROOT}/Target Support Files/Pods-BTC-USD/Pods-BTC-USD-frameworks-${CONFIGURATION}-input-files.xcfilelist",
			);
			name = "[CP] Embed Pods Frameworks";
			outputFileListPaths = (
				"${PODS_ROOT}/Target Support Files/Pods-BTC-USD/Pods-BTC-USD-frameworks-${CONFIGURATION}-output-files.xcfilelist",
			);
			runOnlyForDeploymentPostprocessing = 0;
			shellPath = /bin/sh;
			shellScript = "\"${PODS_ROOT}/Target Support Files/Pods-BTC-USD/Pods-BTC-USD-frameworks.sh\"\n";
			showEnvVarsInLog = 0;
		};
		764541864992780366854AC1 /* [CP] Embed Pods Frameworks */ = {
			isa = PBXShellScriptBuildPhase;
			buildActionMask = 2147483647;
			files = (
			);
			inputFileListPaths = (
				"${PODS_ROOT}/Target Support Files/Pods-BTC-USD-BTC-USDUITests/Pods-BTC-USD-BTC-USDUITests-frameworks-${CONFIGURATION}-input-files.xcfilelist",
			);
			name = "[CP] Embed Pods Frameworks";
			outputFileListPaths = (
				"${PODS_ROOT}/Target Support Files/Pods-BTC-USD-BTC-USDUITests/Pods-BTC-USD-BTC-USDUITests-frameworks-${CONFIGURATION}-output-files.xcfilelist",
			);
			runOnlyForDeploymentPostprocessing = 0;
			shellPath = /bin/sh;
			shellScript = "\"${PODS_ROOT}/Target Support Files/Pods-BTC-USD-BTC-USDUITests/Pods-BTC-USD-BTC-USDUITests-frameworks.sh\"\n";
			showEnvVarsInLog = 0;
		};
		E3D671941BA9B56849F703FB /* [CP] Check Pods Manifest.lock */ = {
			isa = PBXShellScriptBuildPhase;
			buildActionMask = 2147483647;
			files = (
			);
			inputFileListPaths = (
			);
			inputPaths = (
				"${PODS_PODFILE_DIR_PATH}/Podfile.lock",
				"${PODS_ROOT}/Manifest.lock",
			);
			name = "[CP] Check Pods Manifest.lock";
			outputFileListPaths = (
			);
			outputPaths = (
				"$(DERIVED_FILE_DIR)/Pods-BTC-USD-BTC-USDUITests-checkManifestLockResult.txt",
			);
			runOnlyForDeploymentPostprocessing = 0;
			shellPath = /bin/sh;
			shellScript = "diff \"${PODS_PODFILE_DIR_PATH}/Podfile.lock\" \"${PODS_ROOT}/Manifest.lock\" > /dev/null\nif [ $? != 0 ] ; then\n    # print error to STDERR\n    echo \"error: The sandbox is not in sync with the Podfile.lock. Run 'pod install' or update your CocoaPods installation.\" >&2\n    exit 1\nfi\n# This output is used by Xcode 'outputs' to avoid re-running this script phase.\necho \"SUCCESS\" > \"${SCRIPT_OUTPUT_FILE_0}\"\n";
			showEnvVarsInLog = 0;
		};
		E953396252789088F7079F81 /* [CP] Check Pods Manifest.lock */ = {
			isa = PBXShellScriptBuildPhase;
			buildActionMask = 2147483647;
			files = (
			);
			inputFileListPaths = (
			);
			inputPaths = (
				"${PODS_PODFILE_DIR_PATH}/Podfile.lock",
				"${PODS_ROOT}/Manifest.lock",
			);
			name = "[CP] Check Pods Manifest.lock";
			outputFileListPaths = (
			);
			outputPaths = (
				"$(DERIVED_FILE_DIR)/Pods-BTC-USDTests-checkManifestLockResult.txt",
			);
			runOnlyForDeploymentPostprocessing = 0;
			shellPath = /bin/sh;
			shellScript = "diff \"${PODS_PODFILE_DIR_PATH}/Podfile.lock\" \"${PODS_ROOT}/Manifest.lock\" > /dev/null\nif [ $? != 0 ] ; then\n    # print error to STDERR\n    echo \"error: The sandbox is not in sync with the Podfile.lock. Run 'pod install' or update your CocoaPods installation.\" >&2\n    exit 1\nfi\n# This output is used by Xcode 'outputs' to avoid re-running this script phase.\necho \"SUCCESS\" > \"${SCRIPT_OUTPUT_FILE_0}\"\n";
			showEnvVarsInLog = 0;
		};
/* End PBXShellScriptBuildPhase section */

/* Begin PBXSourcesBuildPhase section */
		4E9F0FC627397501007E1E23 /* Sources */ = {
			isa = PBXSourcesBuildPhase;
			buildActionMask = 2147483647;
			files = (
				4E9F1007273976CB007E1E23 /* OrderBook.swift in Sources */,
				4E9F1005273976CB007E1E23 /* Ticker.swift in Sources */,
				4E9F103E27397855007E1E23 /* BtcUsdOrderBookVM.swift in Sources */,
				4E9F0FCE27397501007E1E23 /* AppDelegate.swift in Sources */,
				4E9F1055273AE30F007E1E23 /* TickerRequest.swift in Sources */,
				4E9F101D27397787007E1E23 /* BtcUsdWebService.swift in Sources */,
				4E9F101C27397787007E1E23 /* WebSocketRequests.swift in Sources */,
				4E9F1045273978D5007E1E23 /* OrderBookTableViewCell.swift in Sources */,
				4E9F101B27397787007E1E23 /* WebSocketHandler.swift in Sources */,
				4E9F1057273AE602007E1E23 /* OrderRequest.swift in Sources */,
				4E9F104F273ACEBB007E1E23 /* TickerResponse.swift in Sources */,
				4E9F103F27397855007E1E23 /* BtcUsdTickerVM.swift in Sources */,
				4E9F101E27397787007E1E23 /* WebSocketResponseDecoder.swift in Sources */,
				4E9F103827397827007E1E23 /* ValuesFormatter.swift in Sources */,
				4E9F104A273A37FD007E1E23 /* Constants.swift in Sources */,
				4E9F1028273977E4007E1E23 /* ReachabilityService.swift in Sources */,
				4E9F0FD027397501007E1E23 /* SceneDelegate.swift in Sources */,
				4E9F1053273ACFA0007E1E23 /* OrderBookSnapshot.swift in Sources */,
				4E9F102B27397811007E1E23 /* Reachability.swift in Sources */,
				4E9F1051273ACF76007E1E23 /* OrderBookResponse.swift in Sources */,
				4E9F104727397909007E1E23 /* BtcUsdVC.swift in Sources */,
			);
			runOnlyForDeploymentPostprocessing = 0;
		};
		4E9F0FDC27397504007E1E23 /* Sources */ = {
			isa = PBXSourcesBuildPhase;
			buildActionMask = 2147483647;
			files = (
				4E9F0FE527397504007E1E23 /* BTC_USDTests.swift in Sources */,
			);
			runOnlyForDeploymentPostprocessing = 0;
		};
		4E9F0FE627397504007E1E23 /* Sources */ = {
			isa = PBXSourcesBuildPhase;
			buildActionMask = 2147483647;
			files = (
				4E9F0FEF27397504007E1E23 /* BTC_USDUITests.swift in Sources */,
				4E9F0FF127397504007E1E23 /* BTC_USDUITestsLaunchTests.swift in Sources */,
			);
			runOnlyForDeploymentPostprocessing = 0;
		};
/* End PBXSourcesBuildPhase section */

/* Begin PBXTargetDependency section */
		4E9F0FE227397504007E1E23 /* PBXTargetDependency */ = {
			isa = PBXTargetDependency;
			target = 4E9F0FC927397501007E1E23 /* BTC-USD */;
			targetProxy = 4E9F0FE127397504007E1E23 /* PBXContainerItemProxy */;
		};
		4E9F0FEC27397504007E1E23 /* PBXTargetDependency */ = {
			isa = PBXTargetDependency;
			target = 4E9F0FC927397501007E1E23 /* BTC-USD */;
			targetProxy = 4E9F0FEB27397504007E1E23 /* PBXContainerItemProxy */;
		};
/* End PBXTargetDependency section */

/* Begin PBXVariantGroup section */
		4E9F0FD327397501007E1E23 /* Main.storyboard */ = {
			isa = PBXVariantGroup;
			children = (
				4E9F0FD427397501007E1E23 /* Base */,
			);
			name = Main.storyboard;
			sourceTree = "<group>";
		};
		4E9F0FD827397504007E1E23 /* LaunchScreen.storyboard */ = {
			isa = PBXVariantGroup;
			children = (
				4E9F0FD927397504007E1E23 /* Base */,
			);
			name = LaunchScreen.storyboard;
			sourceTree = "<group>";
		};
/* End PBXVariantGroup section */

/* Begin XCBuildConfiguration section */
		4E9F0FF227397504007E1E23 /* Debug */ = {
			isa = XCBuildConfiguration;
			buildSettings = {
				ALWAYS_SEARCH_USER_PATHS = NO;
				CLANG_ANALYZER_NONNULL = YES;
				CLANG_ANALYZER_NUMBER_OBJECT_CONVERSION = YES_AGGRESSIVE;
				CLANG_CXX_LANGUAGE_STANDARD = "gnu++17";
				CLANG_CXX_LIBRARY = "libc++";
				CLANG_ENABLE_MODULES = YES;
				CLANG_ENABLE_OBJC_ARC = YES;
				CLANG_ENABLE_OBJC_WEAK = YES;
				CLANG_WARN_BLOCK_CAPTURE_AUTORELEASING = YES;
				CLANG_WARN_BOOL_CONVERSION = YES;
				CLANG_WARN_COMMA = YES;
				CLANG_WARN_CONSTANT_CONVERSION = YES;
				CLANG_WARN_DEPRECATED_OBJC_IMPLEMENTATIONS = YES;
				CLANG_WARN_DIRECT_OBJC_ISA_USAGE = YES_ERROR;
				CLANG_WARN_DOCUMENTATION_COMMENTS = YES;
				CLANG_WARN_EMPTY_BODY = YES;
				CLANG_WARN_ENUM_CONVERSION = YES;
				CLANG_WARN_INFINITE_RECURSION = YES;
				CLANG_WARN_INT_CONVERSION = YES;
				CLANG_WARN_NON_LITERAL_NULL_CONVERSION = YES;
				CLANG_WARN_OBJC_IMPLICIT_RETAIN_SELF = YES;
				CLANG_WARN_OBJC_LITERAL_CONVERSION = YES;
				CLANG_WARN_OBJC_ROOT_CLASS = YES_ERROR;
				CLANG_WARN_QUOTED_INCLUDE_IN_FRAMEWORK_HEADER = YES;
				CLANG_WARN_RANGE_LOOP_ANALYSIS = YES;
				CLANG_WARN_STRICT_PROTOTYPES = YES;
				CLANG_WARN_SUSPICIOUS_MOVE = YES;
				CLANG_WARN_UNGUARDED_AVAILABILITY = YES_AGGRESSIVE;
				CLANG_WARN_UNREACHABLE_CODE = YES;
				CLANG_WARN__DUPLICATE_METHOD_MATCH = YES;
				COPY_PHASE_STRIP = NO;
				DEBUG_INFORMATION_FORMAT = dwarf;
				ENABLE_STRICT_OBJC_MSGSEND = YES;
				ENABLE_TESTABILITY = YES;
				GCC_C_LANGUAGE_STANDARD = gnu11;
				GCC_DYNAMIC_NO_PIC = NO;
				GCC_NO_COMMON_BLOCKS = YES;
				GCC_OPTIMIZATION_LEVEL = 0;
				GCC_PREPROCESSOR_DEFINITIONS = (
					"DEBUG=1",
					"$(inherited)",
				);
				GCC_WARN_64_TO_32_BIT_CONVERSION = YES;
				GCC_WARN_ABOUT_RETURN_TYPE = YES_ERROR;
				GCC_WARN_UNDECLARED_SELECTOR = YES;
				GCC_WARN_UNINITIALIZED_AUTOS = YES_AGGRESSIVE;
				GCC_WARN_UNUSED_FUNCTION = YES;
				GCC_WARN_UNUSED_VARIABLE = YES;
				IPHONEOS_DEPLOYMENT_TARGET = 15.0;
				MTL_ENABLE_DEBUG_INFO = INCLUDE_SOURCE;
				MTL_FAST_MATH = YES;
				ONLY_ACTIVE_ARCH = YES;
				SDKROOT = iphoneos;
				SWIFT_ACTIVE_COMPILATION_CONDITIONS = DEBUG;
				SWIFT_OPTIMIZATION_LEVEL = "-Onone";
			};
			name = Debug;
		};
		4E9F0FF327397504007E1E23 /* Release */ = {
			isa = XCBuildConfiguration;
			buildSettings = {
				ALWAYS_SEARCH_USER_PATHS = NO;
				CLANG_ANALYZER_NONNULL = YES;
				CLANG_ANALYZER_NUMBER_OBJECT_CONVERSION = YES_AGGRESSIVE;
				CLANG_CXX_LANGUAGE_STANDARD = "gnu++17";
				CLANG_CXX_LIBRARY = "libc++";
				CLANG_ENABLE_MODULES = YES;
				CLANG_ENABLE_OBJC_ARC = YES;
				CLANG_ENABLE_OBJC_WEAK = YES;
				CLANG_WARN_BLOCK_CAPTURE_AUTORELEASING = YES;
				CLANG_WARN_BOOL_CONVERSION = YES;
				CLANG_WARN_COMMA = YES;
				CLANG_WARN_CONSTANT_CONVERSION = YES;
				CLANG_WARN_DEPRECATED_OBJC_IMPLEMENTATIONS = YES;
				CLANG_WARN_DIRECT_OBJC_ISA_USAGE = YES_ERROR;
				CLANG_WARN_DOCUMENTATION_COMMENTS = YES;
				CLANG_WARN_EMPTY_BODY = YES;
				CLANG_WARN_ENUM_CONVERSION = YES;
				CLANG_WARN_INFINITE_RECURSION = YES;
				CLANG_WARN_INT_CONVERSION = YES;
				CLANG_WARN_NON_LITERAL_NULL_CONVERSION = YES;
				CLANG_WARN_OBJC_IMPLICIT_RETAIN_SELF = YES;
				CLANG_WARN_OBJC_LITERAL_CONVERSION = YES;
				CLANG_WARN_OBJC_ROOT_CLASS = YES_ERROR;
				CLANG_WARN_QUOTED_INCLUDE_IN_FRAMEWORK_HEADER = YES;
				CLANG_WARN_RANGE_LOOP_ANALYSIS = YES;
				CLANG_WARN_STRICT_PROTOTYPES = YES;
				CLANG_WARN_SUSPICIOUS_MOVE = YES;
				CLANG_WARN_UNGUARDED_AVAILABILITY = YES_AGGRESSIVE;
				CLANG_WARN_UNREACHABLE_CODE = YES;
				CLANG_WARN__DUPLICATE_METHOD_MATCH = YES;
				COPY_PHASE_STRIP = NO;
				DEBUG_INFORMATION_FORMAT = "dwarf-with-dsym";
				ENABLE_NS_ASSERTIONS = NO;
				ENABLE_STRICT_OBJC_MSGSEND = YES;
				GCC_C_LANGUAGE_STANDARD = gnu11;
				GCC_NO_COMMON_BLOCKS = YES;
				GCC_WARN_64_TO_32_BIT_CONVERSION = YES;
				GCC_WARN_ABOUT_RETURN_TYPE = YES_ERROR;
				GCC_WARN_UNDECLARED_SELECTOR = YES;
				GCC_WARN_UNINITIALIZED_AUTOS = YES_AGGRESSIVE;
				GCC_WARN_UNUSED_FUNCTION = YES;
				GCC_WARN_UNUSED_VARIABLE = YES;
				IPHONEOS_DEPLOYMENT_TARGET = 15.0;
				MTL_ENABLE_DEBUG_INFO = NO;
				MTL_FAST_MATH = YES;
				SDKROOT = iphoneos;
				SWIFT_COMPILATION_MODE = wholemodule;
				SWIFT_OPTIMIZATION_LEVEL = "-O";
				VALIDATE_PRODUCT = YES;
			};
			name = Release;
		};
		4E9F0FF527397504007E1E23 /* Debug */ = {
			isa = XCBuildConfiguration;
			baseConfigurationReference = 09AB417C4EEEA6FE352912DC /* Pods-BTC-USD.debug.xcconfig */;
			buildSettings = {
				ASSETCATALOG_COMPILER_APPICON_NAME = AppIcon;
				ASSETCATALOG_COMPILER_GLOBAL_ACCENT_COLOR_NAME = AccentColor;
				CODE_SIGN_STYLE = Automatic;
				CURRENT_PROJECT_VERSION = 1;
				DEVELOPMENT_TEAM = V7FHXQ47S9;
				GENERATE_INFOPLIST_FILE = YES;
				INFOPLIST_FILE = "BTC-USD/Info.plist";
				INFOPLIST_KEY_UIApplicationSupportsIndirectInputEvents = YES;
				INFOPLIST_KEY_UILaunchStoryboardName = LaunchScreen;
				INFOPLIST_KEY_UIMainStoryboardFile = Main;
				INFOPLIST_KEY_UISupportedInterfaceOrientations = UIInterfaceOrientationPortrait;
				INFOPLIST_KEY_UISupportedInterfaceOrientations_iPad = "UIInterfaceOrientationPortrait UIInterfaceOrientationPortraitUpsideDown UIInterfaceOrientationLandscapeLeft UIInterfaceOrientationLandscapeRight";
				INFOPLIST_KEY_UISupportedInterfaceOrientations_iPhone = "UIInterfaceOrientationPortrait UIInterfaceOrientationLandscapeLeft UIInterfaceOrientationLandscapeRight";
				IPHONEOS_DEPLOYMENT_TARGET = 14.0;
				LD_RUNPATH_SEARCH_PATHS = (
					"$(inherited)",
					"@executable_path/Frameworks",
				);
				MARKETING_VERSION = 1.0;
				PRODUCT_BUNDLE_IDENTIFIER = "Odin.BTC-USD";
				PRODUCT_NAME = "$(TARGET_NAME)";
				SWIFT_EMIT_LOC_STRINGS = YES;
				SWIFT_VERSION = 5.0;
				TARGETED_DEVICE_FAMILY = "1,2";
			};
			name = Debug;
		};
		4E9F0FF627397504007E1E23 /* Release */ = {
			isa = XCBuildConfiguration;
			baseConfigurationReference = 37D9DD6BD04AD8A3605808BA /* Pods-BTC-USD.release.xcconfig */;
			buildSettings = {
				ASSETCATALOG_COMPILER_APPICON_NAME = AppIcon;
				ASSETCATALOG_COMPILER_GLOBAL_ACCENT_COLOR_NAME = AccentColor;
				CODE_SIGN_STYLE = Automatic;
				CURRENT_PROJECT_VERSION = 1;
				DEVELOPMENT_TEAM = V7FHXQ47S9;
				GENERATE_INFOPLIST_FILE = YES;
				INFOPLIST_FILE = "BTC-USD/Info.plist";
				INFOPLIST_KEY_UIApplicationSupportsIndirectInputEvents = YES;
				INFOPLIST_KEY_UILaunchStoryboardName = LaunchScreen;
				INFOPLIST_KEY_UIMainStoryboardFile = Main;
				INFOPLIST_KEY_UISupportedInterfaceOrientations = UIInterfaceOrientationPortrait;
				INFOPLIST_KEY_UISupportedInterfaceOrientations_iPad = "UIInterfaceOrientationPortrait UIInterfaceOrientationPortraitUpsideDown UIInterfaceOrientationLandscapeLeft UIInterfaceOrientationLandscapeRight";
				INFOPLIST_KEY_UISupportedInterfaceOrientations_iPhone = "UIInterfaceOrientationPortrait UIInterfaceOrientationLandscapeLeft UIInterfaceOrientationLandscapeRight";
				IPHONEOS_DEPLOYMENT_TARGET = 14.0;
				LD_RUNPATH_SEARCH_PATHS = (
					"$(inherited)",
					"@executable_path/Frameworks",
				);
				MARKETING_VERSION = 1.0;
				PRODUCT_BUNDLE_IDENTIFIER = "Odin.BTC-USD";
				PRODUCT_NAME = "$(TARGET_NAME)";
				SWIFT_EMIT_LOC_STRINGS = YES;
				SWIFT_VERSION = 5.0;
				TARGETED_DEVICE_FAMILY = "1,2";
			};
			name = Release;
		};
		4E9F0FF827397504007E1E23 /* Debug */ = {
			isa = XCBuildConfiguration;
			baseConfigurationReference = 05E93EF5FA17617E6E1C34D2 /* Pods-BTC-USDTests.debug.xcconfig */;
			buildSettings = {
				ALWAYS_EMBED_SWIFT_STANDARD_LIBRARIES = YES;
				BUNDLE_LOADER = "$(TEST_HOST)";
				CODE_SIGN_STYLE = Automatic;
				CURRENT_PROJECT_VERSION = 1;
				DEVELOPMENT_TEAM = V7FHXQ47S9;
				GENERATE_INFOPLIST_FILE = YES;
				IPHONEOS_DEPLOYMENT_TARGET = 15.0;
				LD_RUNPATH_SEARCH_PATHS = (
					"$(inherited)",
					"@executable_path/Frameworks",
					"@loader_path/Frameworks",
				);
				MARKETING_VERSION = 1.0;
				PRODUCT_BUNDLE_IDENTIFIER = "Odin.BTC-USDTests";
				PRODUCT_NAME = "$(TARGET_NAME)";
				SWIFT_EMIT_LOC_STRINGS = NO;
				SWIFT_VERSION = 5.0;
				TARGETED_DEVICE_FAMILY = "1,2";
				TEST_HOST = "$(BUILT_PRODUCTS_DIR)/BTC-USD.app/BTC-USD";
			};
			name = Debug;
		};
		4E9F0FF927397504007E1E23 /* Release */ = {
			isa = XCBuildConfiguration;
			baseConfigurationReference = 4580B7A94902E818079344F3 /* Pods-BTC-USDTests.release.xcconfig */;
			buildSettings = {
				ALWAYS_EMBED_SWIFT_STANDARD_LIBRARIES = YES;
				BUNDLE_LOADER = "$(TEST_HOST)";
				CODE_SIGN_STYLE = Automatic;
				CURRENT_PROJECT_VERSION = 1;
				DEVELOPMENT_TEAM = V7FHXQ47S9;
				GENERATE_INFOPLIST_FILE = YES;
				IPHONEOS_DEPLOYMENT_TARGET = 15.0;
				LD_RUNPATH_SEARCH_PATHS = (
					"$(inherited)",
					"@executable_path/Frameworks",
					"@loader_path/Frameworks",
				);
				MARKETING_VERSION = 1.0;
				PRODUCT_BUNDLE_IDENTIFIER = "Odin.BTC-USDTests";
				PRODUCT_NAME = "$(TARGET_NAME)";
				SWIFT_EMIT_LOC_STRINGS = NO;
				SWIFT_VERSION = 5.0;
				TARGETED_DEVICE_FAMILY = "1,2";
				TEST_HOST = "$(BUILT_PRODUCTS_DIR)/BTC-USD.app/BTC-USD";
			};
			name = Release;
		};
		4E9F0FFB27397504007E1E23 /* Debug */ = {
			isa = XCBuildConfiguration;
			baseConfigurationReference = 621420F511DF3210DED003CA /* Pods-BTC-USD-BTC-USDUITests.debug.xcconfig */;
			buildSettings = {
				ALWAYS_EMBED_SWIFT_STANDARD_LIBRARIES = YES;
				CODE_SIGN_STYLE = Automatic;
				CURRENT_PROJECT_VERSION = 1;
				DEVELOPMENT_TEAM = V7FHXQ47S9;
				GENERATE_INFOPLIST_FILE = YES;
				LD_RUNPATH_SEARCH_PATHS = (
					"$(inherited)",
					"@executable_path/Frameworks",
					"@loader_path/Frameworks",
				);
				MARKETING_VERSION = 1.0;
				PRODUCT_BUNDLE_IDENTIFIER = "Odin.BTC-USDUITests";
				PRODUCT_NAME = "$(TARGET_NAME)";
				SWIFT_EMIT_LOC_STRINGS = NO;
				SWIFT_VERSION = 5.0;
				TARGETED_DEVICE_FAMILY = "1,2";
				TEST_TARGET_NAME = "BTC-USD";
			};
			name = Debug;
		};
		4E9F0FFC27397504007E1E23 /* Release */ = {
			isa = XCBuildConfiguration;
			baseConfigurationReference = 0EAA2FF274ED0F01672DD6F6 /* Pods-BTC-USD-BTC-USDUITests.release.xcconfig */;
			buildSettings = {
				ALWAYS_EMBED_SWIFT_STANDARD_LIBRARIES = YES;
				CODE_SIGN_STYLE = Automatic;
				CURRENT_PROJECT_VERSION = 1;
				DEVELOPMENT_TEAM = V7FHXQ47S9;
				GENERATE_INFOPLIST_FILE = YES;
				LD_RUNPATH_SEARCH_PATHS = (
					"$(inherited)",
					"@executable_path/Frameworks",
					"@loader_path/Frameworks",
				);
				MARKETING_VERSION = 1.0;
				PRODUCT_BUNDLE_IDENTIFIER = "Odin.BTC-USDUITests";
				PRODUCT_NAME = "$(TARGET_NAME)";
				SWIFT_EMIT_LOC_STRINGS = NO;
				SWIFT_VERSION = 5.0;
				TARGETED_DEVICE_FAMILY = "1,2";
				TEST_TARGET_NAME = "BTC-USD";
			};
			name = Release;
		};
/* End XCBuildConfiguration section */

/* Begin XCConfigurationList section */
		4E9F0FC527397501007E1E23 /* Build configuration list for PBXProject "BTC-USD" */ = {
			isa = XCConfigurationList;
			buildConfigurations = (
				4E9F0FF227397504007E1E23 /* Debug */,
				4E9F0FF327397504007E1E23 /* Release */,
			);
			defaultConfigurationIsVisible = 0;
			defaultConfigurationName = Release;
		};
		4E9F0FF427397504007E1E23 /* Build configuration list for PBXNativeTarget "BTC-USD" */ = {
			isa = XCConfigurationList;
			buildConfigurations = (
				4E9F0FF527397504007E1E23 /* Debug */,
				4E9F0FF627397504007E1E23 /* Release */,
			);
			defaultConfigurationIsVisible = 0;
			defaultConfigurationName = Release;
		};
		4E9F0FF727397504007E1E23 /* Build configuration list for PBXNativeTarget "BTC-USDTests" */ = {
			isa = XCConfigurationList;
			buildConfigurations = (
				4E9F0FF827397504007E1E23 /* Debug */,
				4E9F0FF927397504007E1E23 /* Release */,
			);
			defaultConfigurationIsVisible = 0;
			defaultConfigurationName = Release;
		};
		4E9F0FFA27397504007E1E23 /* Build configuration list for PBXNativeTarget "BTC-USDUITests" */ = {
			isa = XCConfigurationList;
			buildConfigurations = (
				4E9F0FFB27397504007E1E23 /* Debug */,
				4E9F0FFC27397504007E1E23 /* Release */,
			);
			defaultConfigurationIsVisible = 0;
			defaultConfigurationName = Release;
		};
/* End XCConfigurationList section */
	};
	rootObject = 4E9F0FC227397501007E1E23 /* Project object */;
}
